
Microsoft Visual Studio Solution File, Format Version 12.00
# Visual Studio Version 16
VisualStudioVersion = 16.0.30523.141
MinimumVisualStudioVersion = 10.0.40219.1
Project("{FAE04EC0-301F-11D3-BF4B-00C04F79EFBC}") = "CSharpMastersAssignment1", "CSharpMastersAssignment1\CSharpMastersAssignment1.csproj", "{27935F80-65D5-41E4-8E05-8D070E28FB17}"
EndProject
Global
	GlobalSection(SolutionConfigurationPlatforms) = preSolution
		Debug|Any CPU = Debug|Any CPU
		Release|Any CPU = Release|Any CPU
	EndGlobalSection
	GlobalSection(ProjectConfigurationPlatforms) = postSolution
		{27935F80-65D5-41E4-8E05-8D070E28FB17}.Debug|Any CPU.ActiveCfg = Debug|Any CPU
		{27935F80-65D5-41E4-8E05-8D070E28FB17}.Debug|Any CPU.Build.0 = Debug|Any CPU
		{27935F80-65D5-41E4-8E05-8D070E28FB17}.Release|Any CPU.ActiveCfg = Release|Any CPU
		{27935F80-65D5-41E4-8E05-8D070E28FB17}.Release|Any CPU.Build.0 = Release|Any CPU
	EndGlobalSection
	GlobalSection(SolutionProperties) = preSolution
		HideSolutionNode = FALSE
	EndGlobalSection
	GlobalSection(ExtensibilityGlobals) = postSolution
		SolutionGuid = {782EBF01-F05A-42BC-B251-8C15BFA7BEE4}
	EndGlobalSection
EndGlobal
